
Microsoft Visual Studio Solution File, Format Version 12.00
# Visual Studio Version 17
VisualStudioVersion = 17.11.35312.102
MinimumVisualStudioVersion = 10.0.40219.1
Project("{9A19103F-16F7-4668-BE54-9A1E7A4F7556}") = "TransportGoApp", "TransportGoApp\TransportGoApp.csproj", "{4CC45C52-ACE8-4C41-A04D-5BBC6A881583}"
EndProject
Project("{FAE04EC0-301F-11D3-BF4B-00C04F79EFBC}") = "WebAPI", "WebAPI\WebAPI.csproj", "{5EACC251-9C94-45C0-98DD-537FF351DE93}"
EndProject
Global
	GlobalSection(SolutionConfigurationPlatforms) = preSolution
		Debug|Any CPU = Debug|Any CPU
		Release|Any CPU = Release|Any CPU
	EndGlobalSection
	GlobalSection(ProjectConfigurationPlatforms) = postSolution
		{4CC45C52-ACE8-4C41-A04D-5BBC6A881583}.Debug|Any CPU.ActiveCfg = Debug|Any CPU
		{4CC45C52-ACE8-4C41-A04D-5BBC6A881583}.Debug|Any CPU.Build.0 = Debug|Any CPU
		{4CC45C52-ACE8-4C41-A04D-5BBC6A881583}.Debug|Any CPU.Deploy.0 = Debug|Any CPU
		{4CC45C52-ACE8-4C41-A04D-5BBC6A881583}.Release|Any CPU.ActiveCfg = Release|Any CPU
		{4CC45C52-ACE8-4C41-A04D-5BBC6A881583}.Release|Any CPU.Build.0 = Release|Any CPU
		{4CC45C52-ACE8-4C41-A04D-5BBC6A881583}.Release|Any CPU.Deploy.0 = Release|Any CPU
		{5EACC251-9C94-45C0-98DD-537FF351DE93}.Debug|Any CPU.ActiveCfg = Debug|Any CPU
		{5EACC251-9C94-45C0-98DD-537FF351DE93}.Debug|Any CPU.Build.0 = Debug|Any CPU
		{5EACC251-9C94-45C0-98DD-537FF351DE93}.Release|Any CPU.ActiveCfg = Release|Any CPU
		{5EACC251-9C94-45C0-98DD-537FF351DE93}.Release|Any CPU.Build.0 = Release|Any CPU
	EndGlobalSection
	GlobalSection(SolutionProperties) = preSolution
		HideSolutionNode = FALSE
	EndGlobalSection
	GlobalSection(ExtensibilityGlobals) = postSolution
		SolutionGuid = {6AE883C5-7AD5-48AC-AB93-D23B0F0A8D4D}
	EndGlobalSection
EndGlobal
